
Microsoft Visual Studio Solution File, Format Version 12.00
# Visual Studio Version 17
VisualStudioVersion = 17.5.002.0
MinimumVisualStudioVersion = 10.0.40219.1
Project("{9A19103F-16F7-4668-BE54-9A1E7A4F7556}") = "P.C.U.P. application", "P.C.U.P. application.csproj", "{C8D532F6-58A0-44EC-8D14-A7AD7AFD63F3}"
EndProject
Global
	GlobalSection(SolutionConfigurationPlatforms) = preSolution
		Debug|Any CPU = Debug|Any CPU
		Release|Any CPU = Release|Any CPU
	EndGlobalSection
	GlobalSection(ProjectConfigurationPlatforms) = postSolution
		{C8D532F6-58A0-44EC-8D14-A7AD7AFD63F3}.Debug|Any CPU.ActiveCfg = Debug|Any CPU
		{C8D532F6-58A0-44EC-8D14-A7AD7AFD63F3}.Debug|Any CPU.Build.0 = Debug|Any CPU
		{C8D532F6-58A0-44EC-8D14-A7AD7AFD63F3}.Release|Any CPU.ActiveCfg = Release|Any CPU
		{C8D532F6-58A0-44EC-8D14-A7AD7AFD63F3}.Release|Any CPU.Build.0 = Release|Any CPU
	EndGlobalSection
	GlobalSection(SolutionProperties) = preSolution
		HideSolutionNode = FALSE
	EndGlobalSection
	GlobalSection(ExtensibilityGlobals) = postSolution
		SolutionGuid = {38653D5E-F677-4E23-8E9C-9DB0980FB47E}
	EndGlobalSection
EndGlobal
